Microsoft Visual Studio Solution File, Format Version 12.00
# Visual Studio Version 17
VisualStudioVersion = 17.5.2.0
MinimumVisualStudioVersion = 10.0.40219.1
Project("{FAE04EC0-301F-11D3-BF4B-00C04F79EFBC}") = "SportHubApi", "SportHubApi.csproj", "{513EEF44-AB4B-AA9C-30D2-494D369A769D}"
EndProject
Global
	GlobalSection(SolutionConfigurationPlatforms) = preSolution
		Debug|Any CPU = Debug|Any CPU
		Release|Any CPU = Release|Any CPU
	EndGlobalSection
	GlobalSection(ProjectConfigurationPlatforms) = postSolution
		{513EEF44-AB4B-AA9C-30D2-494D369A769D}.Debug|Any CPU.ActiveCfg = Debug|Any CPU
		{513EEF44-AB4B-AA9C-30D2-494D369A769D}.Debug|Any CPU.Build.0 = Debug|Any CPU
		{513EEF44-AB4B-AA9C-30D2-494D369A769D}.Release|Any CPU.ActiveCfg = Release|Any CPU
		{513EEF44-AB4B-AA9C-30D2-494D369A769D}.Release|Any CPU.Build.0 = Release|Any CPU
	EndGlobalSection
	GlobalSection(SolutionProperties) = preSolution
		HideSolutionNode = FALSE
	EndGlobalSection
	GlobalSection(ExtensibilityGlobals) = postSolution
		SolutionGuid = {2B705F97-07FD-47DC-B647-A475A950F741}
	EndGlobalSection
EndGlobal
